
Microsoft Visual Studio Solution File, Format Version 12.00
# Visual Studio Version 17
VisualStudioVersion = 17.0.31903.59
MinimumVisualStudioVersion = 10.0.40219.1
Project("{9A19103F-16F7-4668-BE54-9A1E7A4F7556}") = "Lab7", "Lab9\Lab7.csproj", "{5140567C-43E2-4D5D-B3B5-5F154F24EAAC}"
EndProject
Global
	GlobalSection(SolutionConfigurationPlatforms) = preSolution
		Debug|Any CPU = Debug|Any CPU
		Release|Any CPU = Release|Any CPU
	EndGlobalSection
	GlobalSection(ProjectConfigurationPlatforms) = postSolution
		{5140567C-43E2-4D5D-B3B5-5F154F24EAAC}.Debug|Any CPU.ActiveCfg = Debug|Any CPU
		{5140567C-43E2-4D5D-B3B5-5F154F24EAAC}.Debug|Any CPU.Build.0 = Debug|Any CPU
		{5140567C-43E2-4D5D-B3B5-5F154F24EAAC}.Release|Any CPU.ActiveCfg = Release|Any CPU
		{5140567C-43E2-4D5D-B3B5-5F154F24EAAC}.Release|Any CPU.Build.0 = Release|Any CPU
	EndGlobalSection
	GlobalSection(SolutionProperties) = preSolution
		HideSolutionNode = FALSE
	EndGlobalSection
	GlobalSection(ExtensibilityGlobals) = postSolution
		SolutionGuid = {F8BAE6B1-EC5E-4244-9727-304B04FCBCE0}
	EndGlobalSection
EndGlobal
